<?xml version="1.0" encoding="utf-8"?>
<Project ToolsVersion="4.0" xmlns="http://schemas.microsoft.com/developer/msbuild/2003">
  <ItemGroup>
    <Filter Include="Source Files">
      <UniqueIdentifier>{4FC737F1-C7A5-4376-A066-2A32D752A2FF}</UniqueIdentifier>
      <Extensions>cpp;c;cc;cxx;c++;cppm;ixx;def;odl;idl;hpj;bat;asm;asmx</Extensions>
    </Filter>
    <Filter Include="Header Files">
      <UniqueIdentifier>{93995380-89BD-4b04-88EB-625FBE52EBFB}</UniqueIdentifier>
      <Extensions>h;hh;hpp;hxx;h++;hm;inl;inc;ipp;xsd</Extensions>
    </Filter>
    <Filter Include="Resource Files">
      <UniqueIdentifier>{67DA6AB6-F800-4c08-8B7A-83BB121AAD01}</UniqueIdentifier>
      <Extensions>rc;ico;cur;bmp;dlg;rc2;rct;bin;rgs;gif;jpg;jpeg;jpe;resx;tiff;tif;png;wav;mfcribbon-ms</Extensions>
    </Filter>
  </ItemGroup>
  <ItemGroup>
    <ClInclude Include="server\Handles\LoginRequestHandler.h">
      <Filter>Header Files</Filter>
    </ClInclude>
    <ClInclude Include="server\Handles\IRequestHandler.h">
      <Filter>Header Files</Filter>
    </ClInclude>
    <ClInclude Include="server\serverOperation\ServerOperator.h">
      <Filter>Header Files</Filter>
    </ClInclude>
    <ClInclude Include="pch.h">
      <Filter>Header Files</Filter>
    </ClInclude>
    <ClInclude Include="json\JsonResponsePacketSerializer.h">
      <Filter>Header Files</Filter>
    </ClInclude>
    <ClInclude Include="json\JsonRequestPacketDeserializer.h">
      <Filter>Header Files</Filter>
    </ClInclude>
    <ClInclude Include="json\json.hpp">
      <Filter>Header Files</Filter>
    </ClInclude>
    <ClInclude Include="server\Handles\RequestResult.h">
      <Filter>Header Files</Filter>
    </ClInclude>
    <ClInclude Include="helper.h">
      <Filter>Header Files</Filter>
    </ClInclude>
    <ClInclude Include="DB\IDataBase.h">
      <Filter>Header Files</Filter>
    </ClInclude>
    <ClInclude Include="DB\SqliteDatabase.h">
      <Filter>Header Files</Filter>
    </ClInclude>
    <ClInclude Include="DB\sqlite3.h">
      <Filter>Header Files</Filter>
    </ClInclude>
    <ClInclude Include="DB\DBException.h">
      <Filter>Header Files</Filter>
    </ClInclude>
    <ClInclude Include="Managers\Login\LoginManager.h">
      <Filter>Header Files</Filter>
    </ClInclude>
    <ClInclude Include="Managers\Login\LoggedUser.h">
      <Filter>Header Files</Filter>
    </ClInclude>
    <ClInclude Include="server\Handles\MenuRequestHandler.h">
      <Filter>Header Files</Filter>
    </ClInclude>
    <ClInclude Include="server\Infrastructure\RequestHandlerFactory.h">
      <Filter>Header Files</Filter>
    </ClInclude>
    <ClInclude Include="server\Infrastructure\Communicator.h">
      <Filter>Header Files</Filter>
    </ClInclude>
    <ClInclude Include="server\Infrastructure\Server.h">
      <Filter>Header Files</Filter>
    </ClInclude>
    <ClInclude Include="Managers\Room\Room.h">
      <Filter>Header Files</Filter>
    </ClInclude>
    <ClInclude Include="Managers\Room\RoomManager.h">
      <Filter>Header Files</Filter>
    </ClInclude>
    <ClInclude Include="json\Responses.h">
      <Filter>Header Files</Filter>
    </ClInclude>
    <ClInclude Include="json\Requests.h">
      <Filter>Header Files</Filter>
    </ClInclude>
    <ClInclude Include="Managers\Statistics\StatisticsManager.h">
      <Filter>Header Files</Filter>
    </ClInclude>
    <ClInclude Include="DB\Question.h">
      <Filter>Header Files</Filter>
    </ClInclude>
    <ClInclude Include="server\Handles\RoomAdminRequestHandler.h">
      <Filter>Header Files</Filter>
    </ClInclude>
    <ClInclude Include="server\Handles\RoomMemberRequestHandler.h">
      <Filter>Header Files</Filter>
    </ClInclude>
  </ItemGroup>
  <ItemGroup>
    <ClCompile Include="server\Handles\LoginRequestHandler.cpp">
      <Filter>Source Files</Filter>
    </ClCompile>
    <ClCompile Include="main.cpp">
      <Filter>Source Files</Filter>
    </ClCompile>
    <ClCompile Include="server\serverOperation\ServerOperator.cpp">
      <Filter>Source Files</Filter>
    </ClCompile>
    <ClCompile Include="pch.cpp">
      <Filter>Source Files</Filter>
    </ClCompile>
    <ClCompile Include="json\JsonResponsePacketSerializer.cpp">
      <Filter>Source Files</Filter>
    </ClCompile>
    <ClCompile Include="json\JsonRequestPacketDeserializer.cpp">
      <Filter>Source Files</Filter>
    </ClCompile>
    <ClCompile Include="helper.cpp">
      <Filter>Source Files</Filter>
    </ClCompile>
    <ClCompile Include="DB\IDataBase.cpp">
      <Filter>Source Files</Filter>
    </ClCompile>
    <ClCompile Include="DB\SqliteDatabase.cpp">
      <Filter>Source Files</Filter>
    </ClCompile>
    <ClCompile Include="Managers\Login\LoginManager.cpp">
      <Filter>Source Files</Filter>
    </ClCompile>
    <ClCompile Include="Managers\Login\LoggedUser.cpp">
      <Filter>Source Files</Filter>
    </ClCompile>
    <ClCompile Include="DB\sqlite3.c">
      <Filter>Source Files</Filter>
    </ClCompile>
    <ClCompile Include="server\Handles\MenuRequestHandler.cpp">
      <Filter>Source Files</Filter>
    </ClCompile>
    <ClCompile Include="server\Infrastructure\RequestHandlerFactory.cpp">
      <Filter>Source Files</Filter>
    </ClCompile>
    <ClCompile Include="server\Infrastructure\Communicator.cpp">
      <Filter>Source Files</Filter>
    </ClCompile>
    <ClCompile Include="server\Infrastructure\Server.cpp">
      <Filter>Source Files</Filter>
    </ClCompile>
    <ClCompile Include="Managers\Room\Room.cpp">
      <Filter>Source Files</Filter>
    </ClCompile>
    <ClCompile Include="Managers\Room\RoomManager.cpp">
      <Filter>Source Files</Filter>
    </ClCompile>
    <ClCompile Include="Managers\Statistics\StatisticsManager.cpp">
      <Filter>Source Files</Filter>
    </ClCompile>
    <ClCompile Include="DB\Question.cpp">
      <Filter>Source Files</Filter>
    </ClCompile>
    <ClCompile Include="server\Handles\RoomAdminRequestHandler.cpp">
      <Filter>Source Files</Filter>
    </ClCompile>
    <ClCompile Include="server\Handles\RoomMemberRequestHandler.cpp">
      <Filter>Source Files</Filter>
    </ClCompile>
  </ItemGroup>
</Project>